// !$*UTF8*$!
{
	archiveVersion = 1;
	classes = {
	};
	objectVersion = 51;
	objects = {

/* Begin PBXBuildFile section */
		1B1F982E251B598C00A8AD6D /* ChatViewController.swift in Sources */ = {isa = PBXBuildFile; fileRef = 1B1F982D251B598C00A8AD6D /* ChatViewController.swift */; };
		1B4D289C2513D9270038C9D8 /* Constants.swift in Sources */ = {isa = PBXBuildFile; fileRef = 1B4D289B2513D9270038C9D8 /* Constants.swift */; };
		1B7DF056251C8B9800CE5B86 /* StorageManager.swift in Sources */ = {isa = PBXBuildFile; fileRef = 1B7DF055251C8B9800CE5B86 /* StorageManager.swift */; };
		1B8E272E2508C01300F9224C /* GoogleService-Info.plist in Resources */ = {isa = PBXBuildFile; fileRef = 1B8E272D2508C01300F9224C /* GoogleService-Info.plist */; };
		1BA204D32510DD040072BEBA /* DataBase.swift in Sources */ = {isa = PBXBuildFile; fileRef = 1BA204D22510DD040072BEBA /* DataBase.swift */; };
		1BA204D52510E21A0072BEBA /* ForgotPassViewController.swift in Sources */ = {isa = PBXBuildFile; fileRef = 1BA204D42510E21A0072BEBA /* ForgotPassViewController.swift */; };
		1BA204D7251134EF0072BEBA /* ChatUsers.swift in Sources */ = {isa = PBXBuildFile; fileRef = 1BA204D6251134EF0072BEBA /* ChatUsers.swift */; };
		1BA64E6A24EAB08F000DB32E /* AppDelegate.swift in Sources */ = {isa = PBXBuildFile; fileRef = 1BA64E6924EAB08F000DB32E /* AppDelegate.swift */; };
		1BA64E6C24EAB08F000DB32E /* SceneDelegate.swift in Sources */ = {isa = PBXBuildFile; fileRef = 1BA64E6B24EAB08F000DB32E /* SceneDelegate.swift */; };
		1BA64E6E24EAB08F000DB32E /* ConversationViewController.swift in Sources */ = {isa = PBXBuildFile; fileRef = 1BA64E6D24EAB08F000DB32E /* ConversationViewController.swift */; };
		1BA64E7124EAB08F000DB32E /* Main.storyboard in Resources */ = {isa = PBXBuildFile; fileRef = 1BA64E6F24EAB08F000DB32E /* Main.storyboard */; };
		1BA64E7324EAB090000DB32E /* Assets.xcassets in Resources */ = {isa = PBXBuildFile; fileRef = 1BA64E7224EAB090000DB32E /* Assets.xcassets */; };
		1BA64E7624EAB090000DB32E /* LaunchScreen.storyboard in Resources */ = {isa = PBXBuildFile; fileRef = 1BA64E7424EAB090000DB32E /* LaunchScreen.storyboard */; };
		1BBC56D62507D71C00CDF621 /* LoginViewController.swift in Sources */ = {isa = PBXBuildFile; fileRef = 1BBC56D52507D71C00CDF621 /* LoginViewController.swift */; };
		1BBC56D82507D73500CDF621 /* RegistrationViewController.swift in Sources */ = {isa = PBXBuildFile; fileRef = 1BBC56D72507D73500CDF621 /* RegistrationViewController.swift */; };
		1BBC56DA2507D74B00CDF621 /* NewConvoViewController.swift in Sources */ = {isa = PBXBuildFile; fileRef = 1BBC56D92507D74B00CDF621 /* NewConvoViewController.swift */; };
		1BBC56DC2507D75D00CDF621 /* PhotoViewerViewController.swift in Sources */ = {isa = PBXBuildFile; fileRef = 1BBC56DB2507D75D00CDF621 /* PhotoViewerViewController.swift */; };
		1BBC56DE2507D76B00CDF621 /* VideoPlayerViewController.swift in Sources */ = {isa = PBXBuildFile; fileRef = 1BBC56DD2507D76B00CDF621 /* VideoPlayerViewController.swift */; };
		1BBC56E02507D81200CDF621 /* ProfileViewController.swift in Sources */ = {isa = PBXBuildFile; fileRef = 1BBC56DF2507D81200CDF621 /* ProfileViewController.swift */; };
		1BF778CD2507E19D002280CC /* Extensions.swift in Sources */ = {isa = PBXBuildFile; fileRef = 1BF778CC2507E19D002280CC /* Extensions.swift */; };
		8B312700FE5F2F24A0C48C24 /* Pods_ChatApplication.framework in Frameworks */ = {isa = PBXBuildFile; fileRef = 4D7CA0D2D48EB72F678DE91C /* Pods_ChatApplication.framework */; };
/* End PBXBuildFile section */

/* Begin PBXFileReference section */
		1B1F982D251B598C00A8AD6D /* ChatViewController.swift */ = {isa = PBXFileReference; lastKnownFileType = sourcecode.swift; path = ChatViewController.swift; sourceTree = "<group>"; };
		1B4D289B2513D9270038C9D8 /* Constants.swift */ = {isa = PBXFileReference; lastKnownFileType = sourcecode.swift; path = Constants.swift; sourceTree = "<group>"; };
		1B7DF055251C8B9800CE5B86 /* StorageManager.swift */ = {isa = PBXFileReference; lastKnownFileType = sourcecode.swift; path = StorageManager.swift; sourceTree = "<group>"; };
		1B8E272D2508C01300F9224C /* GoogleService-Info.plist */ = {isa = PBXFileReference; fileEncoding = 4; lastKnownFileType = text.plist.xml; path = "GoogleService-Info.plist"; sourceTree = "<group>"; };
		1BA204D22510DD040072BEBA /* DataBase.swift */ = {isa = PBXFileReference; lastKnownFileType = sourcecode.swift; path = DataBase.swift; sourceTree = "<group>"; };
		1BA204D42510E21A0072BEBA /* ForgotPassViewController.swift */ = {isa = PBXFileReference; lastKnownFileType = sourcecode.swift; path = ForgotPassViewController.swift; sourceTree = "<group>"; };
		1BA204D6251134EF0072BEBA /* ChatUsers.swift */ = {isa = PBXFileReference; lastKnownFileType = sourcecode.swift; path = ChatUsers.swift; sourceTree = "<group>"; };
		1BA64E6624EAB08F000DB32E /* ChatApplication.app */ = {isa = PBXFileReference; explicitFileType = wrapper.application; includeInIndex = 0; path = ChatApplication.app; sourceTree = BUILT_PRODUCTS_DIR; };
		1BA64E6924EAB08F000DB32E /* AppDelegate.swift */ = {isa = PBXFileReference; lastKnownFileType = sourcecode.swift; path = AppDelegate.swift; sourceTree = "<group>"; };
		1BA64E6B24EAB08F000DB32E /* SceneDelegate.swift */ = {isa = PBXFileReference; lastKnownFileType = sourcecode.swift; path = SceneDelegate.swift; sourceTree = "<group>"; };
		1BA64E6D24EAB08F000DB32E /* ConversationViewController.swift */ = {isa = PBXFileReference; lastKnownFileType = sourcecode.swift; path = ConversationViewController.swift; sourceTree = "<group>"; };
		1BA64E7024EAB08F000DB32E /* Base */ = {isa = PBXFileReference; lastKnownFileType = file.storyboard; name = Base; path = Base.lproj/Main.storyboard; sourceTree = "<group>"; };
		1BA64E7224EAB090000DB32E /* Assets.xcassets */ = {isa = PBXFileReference; lastKnownFileType = folder.assetcatalog; path = Assets.xcassets; sourceTree = "<group>"; };
		1BA64E7524EAB090000DB32E /* Base */ = {isa = PBXFileReference; lastKnownFileType = file.storyboard; name = Base; path = Base.lproj/LaunchScreen.storyboard; sourceTree = "<group>"; };
		1BA64E7724EAB090000DB32E /* Info.plist */ = {isa = PBXFileReference; lastKnownFileType = text.plist.xml; path = Info.plist; sourceTree = "<group>"; };
		1BBC56D52507D71C00CDF621 /* LoginViewController.swift */ = {isa = PBXFileReference; lastKnownFileType = sourcecode.swift; path = LoginViewController.swift; sourceTree = "<group>"; };
		1BBC56D72507D73500CDF621 /* RegistrationViewController.swift */ = {isa = PBXFileReference; lastKnownFileType = sourcecode.swift; path = RegistrationViewController.swift; sourceTree = "<group>"; };
		1BBC56D92507D74B00CDF621 /* NewConvoViewController.swift */ = {isa = PBXFileReference; lastKnownFileType = sourcecode.swift; path = NewConvoViewController.swift; sourceTree = "<group>"; };
		1BBC56DB2507D75D00CDF621 /* PhotoViewerViewController.swift */ = {isa = PBXFileReference; lastKnownFileType = sourcecode.swift; path = PhotoViewerViewController.swift; sourceTree = "<group>"; };
		1BBC56DD2507D76B00CDF621 /* VideoPlayerViewController.swift */ = {isa = PBXFileReference; lastKnownFileType = sourcecode.swift; path = VideoPlayerViewController.swift; sourceTree = "<group>"; };
		1BBC56DF2507D81200CDF621 /* ProfileViewController.swift */ = {isa = PBXFileReference; lastKnownFileType = sourcecode.swift; path = ProfileViewController.swift; sourceTree = "<group>"; };
		1BF778CC2507E19D002280CC /* Extensions.swift */ = {isa = PBXFileReference; lastKnownFileType = sourcecode.swift; path = Extensions.swift; sourceTree = "<group>"; };
		3931D25F93AEC298B4C6C7CD /* Pods-ChatApplication.release.xcconfig */ = {isa = PBXFileReference; includeInIndex = 1; lastKnownFileType = text.xcconfig; name = "Pods-ChatApplication.release.xcconfig"; path = "Target Support Files/Pods-ChatApplication/Pods-ChatApplication.release.xcconfig"; sourceTree = "<group>"; };
		4D7CA0D2D48EB72F678DE91C /* Pods_ChatApplication.framework */ = {isa = PBXFileReference; explicitFileType = wrapper.framework; includeInIndex = 0; path = Pods_ChatApplication.framework; sourceTree = BUILT_PRODUCTS_DIR; };
		BDA5E8BD69CBDDBA934E0092 /* Pods-ChatApplication.debug.xcconfig */ = {isa = PBXFileReference; includeInIndex = 1; lastKnownFileType = text.xcconfig; name = "Pods-ChatApplication.debug.xcconfig"; path = "Target Support Files/Pods-ChatApplication/Pods-ChatApplication.debug.xcconfig"; sourceTree = "<group>"; };
/* End PBXFileReference section */

/* Begin PBXFrameworksBuildPhase section */
		1BA64E6324EAB08F000DB32E /* Frameworks */ = {
			isa = PBXFrameworksBuildPhase;
			buildActionMask = 2147483647;
			files = (
				8B312700FE5F2F24A0C48C24 /* Pods_ChatApplication.framework in Frameworks */,
			);
			runOnlyForDeploymentPostprocessing = 0;
		};
/* End PBXFrameworksBuildPhase section */

/* Begin PBXGroup section */
		1BA204D12510DCD60072BEBA /* Helpers & Extensions */ = {
			isa = PBXGroup;
			children = (
				1BF778CC2507E19D002280CC /* Extensions.swift */,
				1BA204D22510DD040072BEBA /* DataBase.swift */,
				1B4D289B2513D9270038C9D8 /* Constants.swift */,
				1B7DF055251C8B9800CE5B86 /* StorageManager.swift */,
			);
			path = "Helpers & Extensions";
			sourceTree = "<group>";
		};
		1BA64E5D24EAB08F000DB32E = {
			isa = PBXGroup;
			children = (
				1BA64E6824EAB08F000DB32E /* ChatApplication */,
				1BA64E6724EAB08F000DB32E /* Products */,
				B4462BCBB62C7ECD5D0A58F6 /* Pods */,
				8283B7C554EB7603EE45278B /* Frameworks */,
			);
			sourceTree = "<group>";
		};
		1BA64E6724EAB08F000DB32E /* Products */ = {
			isa = PBXGroup;
			children = (
				1BA64E6624EAB08F000DB32E /* ChatApplication.app */,
			);
			name = Products;
			sourceTree = "<group>";
		};
		1BA64E6824EAB08F000DB32E /* ChatApplication */ = {
			isa = PBXGroup;
			children = (
				1BA64E6924EAB08F000DB32E /* AppDelegate.swift */,
				1BA64E6B24EAB08F000DB32E /* SceneDelegate.swift */,
				1BBC56D22507D69E00CDF621 /* Model */,
				1BBC56D32507D6A600CDF621 /* View */,
				1BBC56D42507D6AF00CDF621 /* Controllers */,
				1BA204D12510DCD60072BEBA /* Helpers & Extensions */,
				1BA64E7224EAB090000DB32E /* Assets.xcassets */,
				1BA64E7424EAB090000DB32E /* LaunchScreen.storyboard */,
				1BA64E7724EAB090000DB32E /* Info.plist */,
				1B8E272D2508C01300F9224C /* GoogleService-Info.plist */,
			);
			path = ChatApplication;
			sourceTree = "<group>";
		};
		1BBC56D22507D69E00CDF621 /* Model */ = {
			isa = PBXGroup;
			children = (
				1BA204D6251134EF0072BEBA /* ChatUsers.swift */,
			);
			path = Model;
			sourceTree = "<group>";
		};
		1BBC56D32507D6A600CDF621 /* View */ = {
			isa = PBXGroup;
			children = (
				1BA64E6F24EAB08F000DB32E /* Main.storyboard */,
			);
			path = View;
			sourceTree = "<group>";
		};
		1BBC56D42507D6AF00CDF621 /* Controllers */ = {
			isa = PBXGroup;
			children = (
				1BA64E6D24EAB08F000DB32E /* ConversationViewController.swift */,
				1BBC56D52507D71C00CDF621 /* LoginViewController.swift */,
				1BBC56D72507D73500CDF621 /* RegistrationViewController.swift */,
				1BBC56D92507D74B00CDF621 /* NewConvoViewController.swift */,
				1BBC56DB2507D75D00CDF621 /* PhotoViewerViewController.swift */,
				1BBC56DD2507D76B00CDF621 /* VideoPlayerViewController.swift */,
				1BBC56DF2507D81200CDF621 /* ProfileViewController.swift */,
				1BA204D42510E21A0072BEBA /* ForgotPassViewController.swift */,
				1B1F982D251B598C00A8AD6D /* ChatViewController.swift */,
			);
			path = Controllers;
			sourceTree = "<group>";
		};
		8283B7C554EB7603EE45278B /* Frameworks */ = {
			isa = PBXGroup;
			children = (
				4D7CA0D2D48EB72F678DE91C /* Pods_ChatApplication.framework */,
			);
			name = Frameworks;
			sourceTree = "<group>";
		};
		B4462BCBB62C7ECD5D0A58F6 /* Pods */ = {
			isa = PBXGroup;
			children = (
				BDA5E8BD69CBDDBA934E0092 /* Pods-ChatApplication.debug.xcconfig */,
				3931D25F93AEC298B4C6C7CD /* Pods-ChatApplication.release.xcconfig */,
			);
			path = Pods;
			sourceTree = "<group>";
		};
/* End PBXGroup section */

/* Begin PBXNativeTarget section */
		1BA64E6524EAB08F000DB32E /* ChatApplication */ = {
			isa = PBXNativeTarget;
			buildConfigurationList = 1BA64E7A24EAB090000DB32E /* Build configuration list for PBXNativeTarget "ChatApplication" */;
			buildPhases = (
				7B34185DCF957E813B8A6C88 /* [CP] Check Pods Manifest.lock */,
				1BA64E6224EAB08F000DB32E /* Sources */,
				1BA64E6324EAB08F000DB32E /* Frameworks */,
				1BA64E6424EAB08F000DB32E /* Resources */,
				FA3CD25FA181CD750519E8B7 /* [CP] Embed Pods Frameworks */,
			);
			buildRules = (
			);
			dependencies = (
			);
			name = ChatApplication;
			productName = ChatApplication;
			productReference = 1BA64E6624EAB08F000DB32E /* ChatApplication.app */;
			productType = "com.apple.product-type.application";
		};
/* End PBXNativeTarget section */

/* Begin PBXProject section */
		1BA64E5E24EAB08F000DB32E /* Project object */ = {
			isa = PBXProject;
			attributes = {
				LastSwiftUpdateCheck = 1160;
				LastUpgradeCheck = 1160;
				ORGANIZATIONNAME = "Chandu Reddy";
				TargetAttributes = {
					1BA64E6524EAB08F000DB32E = {
						CreatedOnToolsVersion = 11.6;
					};
				};
			};
			buildConfigurationList = 1BA64E6124EAB08F000DB32E /* Build configuration list for PBXProject "ChatApplication" */;
			compatibilityVersion = "Xcode 9.3";
			developmentRegion = en;
			hasScannedForEncodings = 0;
			knownRegions = (
				en,
				Base,
			);
			mainGroup = 1BA64E5D24EAB08F000DB32E;
			productRefGroup = 1BA64E6724EAB08F000DB32E /* Products */;
			projectDirPath = "";
			projectRoot = "";
			targets = (
				1BA64E6524EAB08F000DB32E /* ChatApplication */,
			);
		};
/* End PBXProject section */

/* Begin PBXResourcesBuildPhase section */
		1BA64E6424EAB08F000DB32E /* Resources */ = {
			isa = PBXResourcesBuildPhase;
			buildActionMask = 2147483647;
			files = (
				1BA64E7624EAB090000DB32E /* LaunchScreen.storyboard in Resources */,
				1B8E272E2508C01300F9224C /* GoogleService-Info.plist in Resources */,
				1BA64E7324EAB090000DB32E /* Assets.xcassets in Resources */,
				1BA64E7124EAB08F000DB32E /* Main.storyboard in Resources */,
			);
			runOnlyForDeploymentPostprocessing = 0;
		};
/* End PBXResourcesBuildPhase section */

/* Begin PBXShellScriptBuildPhase section */
		7B34185DCF957E813B8A6C88 /* [CP] Check Pods Manifest.lock */ = {
			isa = PBXShellScriptBuildPhase;
			buildActionMask = 2147483647;
			files = (
			);
			inputFileListPaths = (
			);
			inputPaths = (
				"${PODS_PODFILE_DIR_PATH}/Podfile.lock",
				"${PODS_ROOT}/Manifest.lock",
			);
			name = "[CP] Check Pods Manifest.lock";
			outputFileListPaths = (
			);
			outputPaths = (
				"$(DERIVED_FILE_DIR)/Pods-ChatApplication-checkManifestLockResult.txt",
			);
			runOnlyForDeploymentPostprocessing = 0;
			shellPath = /bin/sh;
			shellScript = "diff \"${PODS_PODFILE_DIR_PATH}/Podfile.lock\" \"${PODS_ROOT}/Manifest.lock\" > /dev/null\nif [ $? != 0 ] ; then\n    # print error to STDERR\n    echo \"error: The sandbox is not in sync with the Podfile.lock. Run 'pod install' or update your CocoaPods installation.\" >&2\n    exit 1\nfi\n# This output is used by Xcode 'outputs' to avoid re-running this script phase.\necho \"SUCCESS\" > \"${SCRIPT_OUTPUT_FILE_0}\"\n";
			showEnvVarsInLog = 0;
		};
		FA3CD25FA181CD750519E8B7 /* [CP] Embed Pods Frameworks */ = {
			isa = PBXShellScriptBuildPhase;
			buildActionMask = 2147483647;
			files = (
			);
			inputFileListPaths = (
				"${PODS_ROOT}/Target Support Files/Pods-ChatApplication/Pods-ChatApplication-frameworks-${CONFIGURATION}-input-files.xcfilelist",
			);
			name = "[CP] Embed Pods Frameworks";
			outputFileListPaths = (
				"${PODS_ROOT}/Target Support Files/Pods-ChatApplication/Pods-ChatApplication-frameworks-${CONFIGURATION}-output-files.xcfilelist",
			);
			runOnlyForDeploymentPostprocessing = 0;
			shellPath = /bin/sh;
			shellScript = "\"${PODS_ROOT}/Target Support Files/Pods-ChatApplication/Pods-ChatApplication-frameworks.sh\"\n";
			showEnvVarsInLog = 0;
		};
/* End PBXShellScriptBuildPhase section */

/* Begin PBXSourcesBuildPhase section */
		1BA64E6224EAB08F000DB32E /* Sources */ = {
			isa = PBXSourcesBuildPhase;
			buildActionMask = 2147483647;
			files = (
				1BBC56D62507D71C00CDF621 /* LoginViewController.swift in Sources */,
				1BBC56DA2507D74B00CDF621 /* NewConvoViewController.swift in Sources */,
				1BA64E6E24EAB08F000DB32E /* ConversationViewController.swift in Sources */,
				1BBC56DC2507D75D00CDF621 /* PhotoViewerViewController.swift in Sources */,
				1BA204D7251134EF0072BEBA /* ChatUsers.swift in Sources */,
				1BA64E6A24EAB08F000DB32E /* AppDelegate.swift in Sources */,
				1BF778CD2507E19D002280CC /* Extensions.swift in Sources */,
				1BA204D32510DD040072BEBA /* DataBase.swift in Sources */,
				1BBC56DE2507D76B00CDF621 /* VideoPlayerViewController.swift in Sources */,
				1BA204D52510E21A0072BEBA /* ForgotPassViewController.swift in Sources */,
				1BBC56E02507D81200CDF621 /* ProfileViewController.swift in Sources */,
				1B4D289C2513D9270038C9D8 /* Constants.swift in Sources */,
				1BA64E6C24EAB08F000DB32E /* SceneDelegate.swift in Sources */,
				1B1F982E251B598C00A8AD6D /* ChatViewController.swift in Sources */,
				1BBC56D82507D73500CDF621 /* RegistrationViewController.swift in Sources */,
				1B7DF056251C8B9800CE5B86 /* StorageManager.swift in Sources */,
			);
			runOnlyForDeploymentPostprocessing = 0;
		};
/* End PBXSourcesBuildPhase section */

/* Begin PBXVariantGroup section */
		1BA64E6F24EAB08F000DB32E /* Main.storyboard */ = {
			isa = PBXVariantGroup;
			children = (
				1BA64E7024EAB08F000DB32E /* Base */,
			);
			name = Main.storyboard;
			sourceTree = "<group>";
		};
		1BA64E7424EAB090000DB32E /* LaunchScreen.storyboard */ = {
			isa = PBXVariantGroup;
			children = (
				1BA64E7524EAB090000DB32E /* Base */,
			);
			name = LaunchScreen.storyboard;
			sourceTree = "<group>";
		};
/* End PBXVariantGroup section */

/* Begin XCBuildConfiguration section */
		1BA64E7824EAB090000DB32E /* Debug */ = {
			isa = XCBuildConfiguration;
			buildSettings = {
				ALWAYS_SEARCH_USER_PATHS = NO;
				CLANG_ANALYZER_NONNULL = YES;
				CLANG_ANALYZER_NUMBER_OBJECT_CONVERSION = YES_AGGRESSIVE;
				CLANG_CXX_LANGUAGE_STANDARD = "gnu++14";
				CLANG_CXX_LIBRARY = "libc++";
				CLANG_ENABLE_MODULES = YES;
				CLANG_ENABLE_OBJC_ARC = YES;
				CLANG_ENABLE_OBJC_WEAK = YES;
				CLANG_WARN_BLOCK_CAPTURE_AUTORELEASING = YES;
				CLANG_WARN_BOOL_CONVERSION = YES;
				CLANG_WARN_COMMA = YES;
				CLANG_WARN_CONSTANT_CONVERSION = YES;
				CLANG_WARN_DEPRECATED_OBJC_IMPLEMENTATIONS = YES;
				CLANG_WARN_DIRECT_OBJC_ISA_USAGE = YES_ERROR;
				CLANG_WARN_DOCUMENTATION_COMMENTS = YES;
				CLANG_WARN_EMPTY_BODY = YES;
				CLANG_WARN_ENUM_CONVERSION = YES;
				CLANG_WARN_INFINITE_RECURSION = YES;
				CLANG_WARN_INT_CONVERSION = YES;
				CLANG_WARN_NON_LITERAL_NULL_CONVERSION = YES;
				CLANG_WARN_OBJC_IMPLICIT_RETAIN_SELF = YES;
				CLANG_WARN_OBJC_LITERAL_CONVERSION = YES;
				CLANG_WARN_OBJC_ROOT_CLASS = YES_ERROR;
				CLANG_WARN_RANGE_LOOP_ANALYSIS = YES;
				CLANG_WARN_STRICT_PROTOTYPES = YES;
				CLANG_WARN_SUSPICIOUS_MOVE = YES;
				CLANG_WARN_UNGUARDED_AVAILABILITY = YES_AGGRESSIVE;
				CLANG_WARN_UNREACHABLE_CODE = YES;
				CLANG_WARN__DUPLICATE_METHOD_MATCH = YES;
				COPY_PHASE_STRIP = NO;
				DEBUG_INFORMATION_FORMAT = dwarf;
				ENABLE_STRICT_OBJC_MSGSEND = YES;
				ENABLE_TESTABILITY = YES;
				GCC_C_LANGUAGE_STANDARD = gnu11;
				GCC_DYNAMIC_NO_PIC = NO;
				GCC_NO_COMMON_BLOCKS = YES;
				GCC_OPTIMIZATION_LEVEL = 0;
				GCC_PREPROCESSOR_DEFINITIONS = (
					"DEBUG=1",
					"$(inherited)",
				);
				GCC_WARN_64_TO_32_BIT_CONVERSION = YES;
				GCC_WARN_ABOUT_RETURN_TYPE = YES_ERROR;
				GCC_WARN_UNDECLARED_SELECTOR = YES;
				GCC_WARN_UNINITIALIZED_AUTOS = YES_AGGRESSIVE;
				GCC_WARN_UNUSED_FUNCTION = YES;
				GCC_WARN_UNUSED_VARIABLE = YES;
				IPHONEOS_DEPLOYMENT_TARGET = 13.6;
				MTL_ENABLE_DEBUG_INFO = INCLUDE_SOURCE;
				MTL_FAST_MATH = YES;
				ONLY_ACTIVE_ARCH = YES;
				SDKROOT = iphoneos;
				SWIFT_ACTIVE_COMPILATION_CONDITIONS = DEBUG;
				SWIFT_OPTIMIZATION_LEVEL = "-Onone";
			};
			name = Debug;
		};
		1BA64E7924EAB090000DB32E /* Release */ = {
			isa = XCBuildConfiguration;
			buildSettings = {
				ALWAYS_SEARCH_USER_PATHS = NO;
				CLANG_ANALYZER_NONNULL = YES;
				CLANG_ANALYZER_NUMBER_OBJECT_CONVERSION = YES_AGGRESSIVE;
				CLANG_CXX_LANGUAGE_STANDARD = "gnu++14";
				CLANG_CXX_LIBRARY = "libc++";
				CLANG_ENABLE_MODULES = YES;
				CLANG_ENABLE_OBJC_ARC = YES;
				CLANG_ENABLE_OBJC_WEAK = YES;
				CLANG_WARN_BLOCK_CAPTURE_AUTORELEASING = YES;
				CLANG_WARN_BOOL_CONVERSION = YES;
				CLANG_WARN_COMMA = YES;
				CLANG_WARN_CONSTANT_CONVERSION = YES;
				CLANG_WARN_DEPRECATED_OBJC_IMPLEMENTATIONS = YES;
				CLANG_WARN_DIRECT_OBJC_ISA_USAGE = YES_ERROR;
				CLANG_WARN_DOCUMENTATION_COMMENTS = YES;
				CLANG_WARN_EMPTY_BODY = YES;
				CLANG_WARN_ENUM_CONVERSION = YES;
				CLANG_WARN_INFINITE_RECURSION = YES;
				CLANG_WARN_INT_CONVERSION = YES;
				CLANG_WARN_NON_LITERAL_NULL_CONVERSION = YES;
				CLANG_WARN_OBJC_IMPLICIT_RETAIN_SELF = YES;
				CLANG_WARN_OBJC_LITERAL_CONVERSION = YES;
				CLANG_WARN_OBJC_ROOT_CLASS = YES_ERROR;
				CLANG_WARN_RANGE_LOOP_ANALYSIS = YES;
				CLANG_WARN_STRICT_PROTOTYPES = YES;
				CLANG_WARN_SUSPICIOUS_MOVE = YES;
				CLANG_WARN_UNGUARDED_AVAILABILITY = YES_AGGRESSIVE;
				CLANG_WARN_UNREACHABLE_CODE = YES;
				CLANG_WARN__DUPLICATE_METHOD_MATCH = YES;
				COPY_PHASE_STRIP = NO;
				DEBUG_INFORMATION_FORMAT = "dwarf-with-dsym";
				ENABLE_NS_ASSERTIONS = NO;
				ENABLE_STRICT_OBJC_MSGSEND = YES;
				GCC_C_LANGUAGE_STANDARD = gnu11;
				GCC_NO_COMMON_BLOCKS = YES;
				GCC_WARN_64_TO_32_BIT_CONVERSION = YES;
				GCC_WARN_ABOUT_RETURN_TYPE = YES_ERROR;
				GCC_WARN_UNDECLARED_SELECTOR = YES;
				GCC_WARN_UNINITIALIZED_AUTOS = YES_AGGRESSIVE;
				GCC_WARN_UNUSED_FUNCTION = YES;
				GCC_WARN_UNUSED_VARIABLE = YES;
				IPHONEOS_DEPLOYMENT_TARGET = 13.6;
				MTL_ENABLE_DEBUG_INFO = NO;
				MTL_FAST_MATH = YES;
				SDKROOT = iphoneos;
				SWIFT_COMPILATION_MODE = wholemodule;
				SWIFT_OPTIMIZATION_LEVEL = "-O";
				VALIDATE_PRODUCT = YES;
			};
			name = Release;
		};
		1BA64E7B24EAB090000DB32E /* Debug */ = {
			isa = XCBuildConfiguration;
			baseConfigurationReference = BDA5E8BD69CBDDBA934E0092 /* Pods-ChatApplication.debug.xcconfig */;
			buildSettings = {
				ASSETCATALOG_COMPILER_APPICON_NAME = AppIcon;
				CODE_SIGN_STYLE = Automatic;
				DEVELOPMENT_TEAM = VQWKMLNHP7;
				INFOPLIST_FILE = ChatApplication/Info.plist;
				IPHONEOS_DEPLOYMENT_TARGET = 13.0;
				LD_RUNPATH_SEARCH_PATHS = (
					"$(inherited)",
					"@executable_path/Frameworks",
				);
				PRODUCT_BUNDLE_IDENTIFIER = com.chandureddy.ChatApplication;
				PRODUCT_NAME = "$(TARGET_NAME)";
				SWIFT_VERSION = 5.0;
				TARGETED_DEVICE_FAMILY = "1,2";
			};
			name = Debug;
		};
		1BA64E7C24EAB090000DB32E /* Release */ = {
			isa = XCBuildConfiguration;
			baseConfigurationReference = 3931D25F93AEC298B4C6C7CD /* Pods-ChatApplication.release.xcconfig */;
			buildSettings = {
				ASSETCATALOG_COMPILER_APPICON_NAME = AppIcon;
				CODE_SIGN_STYLE = Automatic;
				DEVELOPMENT_TEAM = VQWKMLNHP7;
				INFOPLIST_FILE = ChatApplication/Info.plist;
				IPHONEOS_DEPLOYMENT_TARGET = 13.0;
				LD_RUNPATH_SEARCH_PATHS = (
					"$(inherited)",
					"@executable_path/Frameworks",
				);
				PRODUCT_BUNDLE_IDENTIFIER = com.chandureddy.ChatApplication;
				PRODUCT_NAME = "$(TARGET_NAME)";
				SWIFT_VERSION = 5.0;
				TARGETED_DEVICE_FAMILY = "1,2";
			};
			name = Release;
		};
/* End XCBuildConfiguration section */

/* Begin XCConfigurationList section */
		1BA64E6124EAB08F000DB32E /* Build configuration list for PBXProject "ChatApplication" */ = {
			isa = XCConfigurationList;
			buildConfigurations = (
				1BA64E7824EAB090000DB32E /* Debug */,
				1BA64E7924EAB090000DB32E /* Release */,
			);
			defaultConfigurationIsVisible = 0;
			defaultConfigurationName = Release;
		};
		1BA64E7A24EAB090000DB32E /* Build configuration list for PBXNativeTarget "ChatApplication" */ = {
			isa = XCConfigurationList;
			buildConfigurations = (
				1BA64E7B24EAB090000DB32E /* Debug */,
				1BA64E7C24EAB090000DB32E /* Release */,
			);
			defaultConfigurationIsVisible = 0;
			defaultConfigurationName = Release;
		};
/* End XCConfigurationList section */
	};
	rootObject = 1BA64E5E24EAB08F000DB32E /* Project object */;
}
